
Microsoft Visual Studio Solution File, Format Version 12.00
# Visual Studio 2013
VisualStudioVersion = 12.0.31101.0
MinimumVisualStudioVersion = 10.0.40219.1
Project("{2150E333-8FDC-42A3-9474-1A3956D46DE8}") = "Servers", "Servers", "{8D0A5B17-7C80-4CA2-830F-BFEB08342DAF}"
EndProject
Project("{FAE04EC0-301F-11D3-BF4B-00C04F79EFBC}") = "Model", "Model\Model.csproj", "{B6292435-0546-4B04-84D6-32460C9569C9}"
EndProject
Project("{2150E333-8FDC-42A3-9474-1A3956D46DE8}") = "clients", "clients", "{6F278E1D-6FB2-4992-8028-33A228F62CBE}"
EndProject
Project("{FAE04EC0-301F-11D3-BF4B-00C04F79EFBC}") = "CustomersManagementWebApi", "CustomersManagementWebApi\CustomersManagementWebApi.csproj", "{BFBFD94D-8D62-47FB-BCE1-C0929DDC6A02}"
EndProject
Project("{FAE04EC0-301F-11D3-BF4B-00C04F79EFBC}") = "MyApps.CustomerManagement.sdk", "MyApps.CustomerManagement.sdk\MyApps.CustomerManagement.sdk.csproj", "{4FF6A061-EEB2-4FFD-B343-8879592B07BA}"
EndProject
Global
	GlobalSection(SolutionConfigurationPlatforms) = preSolution
		Debug|Any CPU = Debug|Any CPU
		Release|Any CPU = Release|Any CPU
	EndGlobalSection
	GlobalSection(ProjectConfigurationPlatforms) = postSolution
		{B6292435-0546-4B04-84D6-32460C9569C9}.Debug|Any CPU.ActiveCfg = Debug|Any CPU
		{B6292435-0546-4B04-84D6-32460C9569C9}.Debug|Any CPU.Build.0 = Debug|Any CPU
		{B6292435-0546-4B04-84D6-32460C9569C9}.Release|Any CPU.ActiveCfg = Release|Any CPU
		{B6292435-0546-4B04-84D6-32460C9569C9}.Release|Any CPU.Build.0 = Release|Any CPU
		{BFBFD94D-8D62-47FB-BCE1-C0929DDC6A02}.Debug|Any CPU.ActiveCfg = Debug|Any CPU
		{BFBFD94D-8D62-47FB-BCE1-C0929DDC6A02}.Debug|Any CPU.Build.0 = Debug|Any CPU
		{BFBFD94D-8D62-47FB-BCE1-C0929DDC6A02}.Release|Any CPU.ActiveCfg = Release|Any CPU
		{BFBFD94D-8D62-47FB-BCE1-C0929DDC6A02}.Release|Any CPU.Build.0 = Release|Any CPU
		{4FF6A061-EEB2-4FFD-B343-8879592B07BA}.Debug|Any CPU.ActiveCfg = Debug|Any CPU
		{4FF6A061-EEB2-4FFD-B343-8879592B07BA}.Debug|Any CPU.Build.0 = Debug|Any CPU
		{4FF6A061-EEB2-4FFD-B343-8879592B07BA}.Release|Any CPU.ActiveCfg = Release|Any CPU
		{4FF6A061-EEB2-4FFD-B343-8879592B07BA}.Release|Any CPU.Build.0 = Release|Any CPU
	EndGlobalSection
	GlobalSection(SolutionProperties) = preSolution
		HideSolutionNode = FALSE
	EndGlobalSection
	GlobalSection(NestedProjects) = preSolution
		{BFBFD94D-8D62-47FB-BCE1-C0929DDC6A02} = {8D0A5B17-7C80-4CA2-830F-BFEB08342DAF}
	EndGlobalSection
EndGlobal
